// !$*UTF8*$!
{
	archiveVersion = 1;
	classes = {
	};
	objectVersion = 50;
	objects = {

/* Begin PBXBuildFile section */
		3DF557DB214E47C000274E4D /* AppDelegate.swift in Sources */ = {isa = PBXBuildFile; fileRef = 3DF557DA214E47C000274E4D /* AppDelegate.swift */; };
		3DF557DD214E47C000274E4D /* ViewController.swift in Sources */ = {isa = PBXBuildFile; fileRef = 3DF557DC214E47C000274E4D /* ViewController.swift */; };
		3DF557E0214E47C000274E4D /* Main.storyboard in Resources */ = {isa = PBXBuildFile; fileRef = 3DF557DE214E47C000274E4D /* Main.storyboard */; };
		3DF557E3214E47C000274E4D /* CodeChallenges.xcdatamodeld in Sources */ = {isa = PBXBuildFile; fileRef = 3DF557E1214E47C000274E4D /* CodeChallenges.xcdatamodeld */; };
		3DF557E5214E47C400274E4D /* Assets.xcassets in Resources */ = {isa = PBXBuildFile; fileRef = 3DF557E4214E47C400274E4D /* Assets.xcassets */; };
		3DF557E8214E47C400274E4D /* LaunchScreen.storyboard in Resources */ = {isa = PBXBuildFile; fileRef = 3DF557E6214E47C400274E4D /* LaunchScreen.storyboard */; };
		3DF557F3214E47C400274E4D /* CodeChallengesTests.swift in Sources */ = {isa = PBXBuildFile; fileRef = 3DF557F2214E47C400274E4D /* CodeChallengesTests.swift */; };
/* End PBXBuildFile section */

/* Begin PBXContainerItemProxy section */
		3DF557EF214E47C400274E4D /* PBXContainerItemProxy */ = {
			isa = PBXContainerItemProxy;
			containerPortal = 3DF557CF214E47C000274E4D /* Project object */;
			proxyType = 1;
			remoteGlobalIDString = 3DF557D6214E47C000274E4D;
			remoteInfo = CodeChallenges;
		};
/* End PBXContainerItemProxy section */

/* Begin PBXFileReference section */
		3DF557D7214E47C000274E4D /* CodeChallenges.app */ = {isa = PBXFileReference; explicitFileType = wrapper.application; includeInIndex = 0; path = CodeChallenges.app; sourceTree = BUILT_PRODUCTS_DIR; };
		3DF557DA214E47C000274E4D /* AppDelegate.swift */ = {isa = PBXFileReference; lastKnownFileType = sourcecode.swift; path = AppDelegate.swift; sourceTree = "<group>"; };
		3DF557DC214E47C000274E4D /* ViewController.swift */ = {isa = PBXFileReference; lastKnownFileType = sourcecode.swift; path = ViewController.swift; sourceTree = "<group>"; };
		3DF557DF214E47C000274E4D /* Base */ = {isa = PBXFileReference; lastKnownFileType = file.storyboard; name = Base; path = Base.lproj/Main.storyboard; sourceTree = "<group>"; };
		3DF557E2214E47C000274E4D /* CodeChallenges.xcdatamodel */ = {isa = PBXFileReference; lastKnownFileType = wrapper.xcdatamodel; path = CodeChallenges.xcdatamodel; sourceTree = "<group>"; };
		3DF557E4214E47C400274E4D /* Assets.xcassets */ = {isa = PBXFileReference; lastKnownFileType = folder.assetcatalog; path = Assets.xcassets; sourceTree = "<group>"; };
		3DF557E7214E47C400274E4D /* Base */ = {isa = PBXFileReference; lastKnownFileType = file.storyboard; name = Base; path = Base.lproj/LaunchScreen.storyboard; sourceTree = "<group>"; };
		3DF557E9214E47C400274E4D /* Info.plist */ = {isa = PBXFileReference; lastKnownFileType = text.plist.xml; path = Info.plist; sourceTree = "<group>"; };
		3DF557EE214E47C400274E4D /* CodeChallengesTests.xctest */ = {isa = PBXFileReference; explicitFileType = wrapper.cfbundle; includeInIndex = 0; path = CodeChallengesTests.xctest; sourceTree = BUILT_PRODUCTS_DIR; };
		3DF557F2214E47C400274E4D /* CodeChallengesTests.swift */ = {isa = PBXFileReference; lastKnownFileType = sourcecode.swift; path = CodeChallengesTests.swift; sourceTree = "<group>"; };
		3DF557F4214E47C400274E4D /* Info.plist */ = {isa = PBXFileReference; lastKnownFileType = text.plist.xml; path = Info.plist; sourceTree = "<group>"; };
/* End PBXFileReference section */

/* Begin PBXFrameworksBuildPhase section */
		3DF557D4214E47C000274E4D /* Frameworks */ = {
			isa = PBXFrameworksBuildPhase;
			buildActionMask = 2147483647;
			files = (
			);
			runOnlyForDeploymentPostprocessing = 0;
		};
		3DF557EB214E47C400274E4D /* Frameworks */ = {
			isa = PBXFrameworksBuildPhase;
			buildActionMask = 2147483647;
			files = (
			);
			runOnlyForDeploymentPostprocessing = 0;
		};
/* End PBXFrameworksBuildPhase section */

/* Begin PBXGroup section */
		3DF557CE214E47C000274E4D = {
			isa = PBXGroup;
			children = (
				3DF557D9214E47C000274E4D /* CodeChallenges */,
				3DF557F1214E47C400274E4D /* CodeChallengesTests */,
				3DF557D8214E47C000274E4D /* Products */,
			);
			sourceTree = "<group>";
		};
		3DF557D8214E47C000274E4D /* Products */ = {
			isa = PBXGroup;
			children = (
				3DF557D7214E47C000274E4D /* CodeChallenges.app */,
				3DF557EE214E47C400274E4D /* CodeChallengesTests.xctest */,
			);
			name = Products;
			sourceTree = "<group>";
		};
		3DF557D9214E47C000274E4D /* CodeChallenges */ = {
			isa = PBXGroup;
			children = (
				3DF557DA214E47C000274E4D /* AppDelegate.swift */,
				3DF557DC214E47C000274E4D /* ViewController.swift */,
				3DF557DE214E47C000274E4D /* Main.storyboard */,
				3DF557E4214E47C400274E4D /* Assets.xcassets */,
				3DF557E6214E47C400274E4D /* LaunchScreen.storyboard */,
				3DF557E9214E47C400274E4D /* Info.plist */,
				3DF557E1214E47C000274E4D /* CodeChallenges.xcdatamodeld */,
			);
			path = CodeChallenges;
			sourceTree = "<group>";
		};
		3DF557F1214E47C400274E4D /* CodeChallengesTests */ = {
			isa = PBXGroup;
			children = (
				3DF557F2214E47C400274E4D /* CodeChallengesTests.swift */,
				3DF557F4214E47C400274E4D /* Info.plist */,
			);
			path = CodeChallengesTests;
			sourceTree = "<group>";
		};
/* End PBXGroup section */

/* Begin PBXNativeTarget section */
		3DF557D6214E47C000274E4D /* CodeChallenges */ = {
			isa = PBXNativeTarget;
			buildConfigurationList = 3DF557F7214E47C400274E4D /* Build configuration list for PBXNativeTarget "CodeChallenges" */;
			buildPhases = (
				3DF557D3214E47C000274E4D /* Sources */,
				3DF557D4214E47C000274E4D /* Frameworks */,
				3DF557D5214E47C000274E4D /* Resources */,
			);
			buildRules = (
			);
			dependencies = (
			);
			name = CodeChallenges;
			productName = CodeChallenges;
			productReference = 3DF557D7214E47C000274E4D /* CodeChallenges.app */;
			productType = "com.apple.product-type.application";
		};
		3DF557ED214E47C400274E4D /* CodeChallengesTests */ = {
			isa = PBXNativeTarget;
			buildConfigurationList = 3DF557FA214E47C400274E4D /* Build configuration list for PBXNativeTarget "CodeChallengesTests" */;
			buildPhases = (
				3DF557EA214E47C400274E4D /* Sources */,
				3DF557EB214E47C400274E4D /* Frameworks */,
				3DF557EC214E47C400274E4D /* Resources */,
			);
			buildRules = (
			);
			dependencies = (
				3DF557F0214E47C400274E4D /* PBXTargetDependency */,
			);
			name = CodeChallengesTests;
			productName = CodeChallengesTests;
			productReference = 3DF557EE214E47C400274E4D /* CodeChallengesTests.xctest */;
			productType = "com.apple.product-type.bundle.unit-test";
		};
/* End PBXNativeTarget section */

/* Begin PBXProject section */
		3DF557CF214E47C000274E4D /* Project object */ = {
			isa = PBXProject;
			attributes = {
				LastSwiftUpdateCheck = 0930;
				LastUpgradeCheck = 0930;
				ORGANIZATIONNAME = Qiscus;
				TargetAttributes = {
					3DF557D6214E47C000274E4D = {
						CreatedOnToolsVersion = 9.3;
					};
					3DF557ED214E47C400274E4D = {
						CreatedOnToolsVersion = 9.3;
						TestTargetID = 3DF557D6214E47C000274E4D;
					};
				};
			};
			buildConfigurationList = 3DF557D2214E47C000274E4D /* Build configuration list for PBXProject "CodeChallenges" */;
			compatibilityVersion = "Xcode 9.3";
			developmentRegion = en;
			hasScannedForEncodings = 0;
			knownRegions = (
				en,
				Base,
			);
			mainGroup = 3DF557CE214E47C000274E4D;
			productRefGroup = 3DF557D8214E47C000274E4D /* Products */;
			projectDirPath = "";
			projectRoot = "";
			targets = (
				3DF557D6214E47C000274E4D /* CodeChallenges */,
				3DF557ED214E47C400274E4D /* CodeChallengesTests */,
			);
		};
/* End PBXProject section */

/* Begin PBXResourcesBuildPhase section */
		3DF557D5214E47C000274E4D /* Resources */ = {
			isa = PBXResourcesBuildPhase;
			buildActionMask = 2147483647;
			files = (
				3DF557E8214E47C400274E4D /* LaunchScreen.storyboard in Resources */,
				3DF557E5214E47C400274E4D /* Assets.xcassets in Resources */,
				3DF557E0214E47C000274E4D /* Main.storyboard in Resources */,
			);
			runOnlyForDeploymentPostprocessing = 0;
		};
		3DF557EC214E47C400274E4D /* Resources */ = {
			isa = PBXResourcesBuildPhase;
			buildActionMask = 2147483647;
			files = (
			);
			runOnlyForDeploymentPostprocessing = 0;
		};
/* End PBXResourcesBuildPhase section */

/* Begin PBXSourcesBuildPhase section */
		3DF557D3214E47C000274E4D /* Sources */ = {
			isa = PBXSourcesBuildPhase;
			buildActionMask = 2147483647;
			files = (
				3DF557DD214E47C000274E4D /* ViewController.swift in Sources */,
				3DF557E3214E47C000274E4D /* CodeChallenges.xcdatamodeld in Sources */,
				3DF557DB214E47C000274E4D /* AppDelegate.swift in Sources */,
			);
			runOnlyForDeploymentPostprocessing = 0;
		};
		3DF557EA214E47C400274E4D /* Sources */ = {
			isa = PBXSourcesBuildPhase;
			buildActionMask = 2147483647;
			files = (
				3DF557F3214E47C400274E4D /* CodeChallengesTests.swift in Sources */,
			);
			runOnlyForDeploymentPostprocessing = 0;
		};
/* End PBXSourcesBuildPhase section */

/* Begin PBXTargetDependency section */
		3DF557F0214E47C400274E4D /* PBXTargetDependency */ = {
			isa = PBXTargetDependency;
			target = 3DF557D6214E47C000274E4D /* CodeChallenges */;
			targetProxy = 3DF557EF214E47C400274E4D /* PBXContainerItemProxy */;
		};
/* End PBXTargetDependency section */

/* Begin PBXVariantGroup section */
		3DF557DE214E47C000274E4D /* Main.storyboard */ = {
			isa = PBXVariantGroup;
			children = (
				3DF557DF214E47C000274E4D /* Base */,
			);
			name = Main.storyboard;
			sourceTree = "<group>";
		};
		3DF557E6214E47C400274E4D /* LaunchScreen.storyboard */ = {
			isa = PBXVariantGroup;
			children = (
				3DF557E7214E47C400274E4D /* Base */,
			);
			name = LaunchScreen.storyboard;
			sourceTree = "<group>";
		};
/* End PBXVariantGroup section */

/* Begin XCBuildConfiguration section */
		3DF557F5214E47C400274E4D /* Debug */ = {
			isa = XCBuildConfiguration;
			buildSettings = {
				ALWAYS_SEARCH_USER_PATHS = NO;
				CLANG_ANALYZER_NONNULL = YES;
				CLANG_ANALYZER_NUMBER_OBJECT_CONVERSION = YES_AGGRESSIVE;
				CLANG_CXX_LANGUAGE_STANDARD = "gnu++14";
				CLANG_CXX_LIBRARY = "libc++";
				CLANG_ENABLE_MODULES = YES;
				CLANG_ENABLE_OBJC_ARC = YES;
				CLANG_ENABLE_OBJC_WEAK = YES;
				CLANG_WARN_BLOCK_CAPTURE_AUTORELEASING = YES;
				CLANG_WARN_BOOL_CONVERSION = YES;
				CLANG_WARN_COMMA = YES;
				CLANG_WARN_CONSTANT_CONVERSION = YES;
				CLANG_WARN_DEPRECATED_OBJC_IMPLEMENTATIONS = YES;
				CLANG_WARN_DIRECT_OBJC_ISA_USAGE = YES_ERROR;
				CLANG_WARN_DOCUMENTATION_COMMENTS = YES;
				CLANG_WARN_EMPTY_BODY = YES;
				CLANG_WARN_ENUM_CONVERSION = YES;
				CLANG_WARN_INFINITE_RECURSION = YES;
				CLANG_WARN_INT_CONVERSION = YES;
				CLANG_WARN_NON_LITERAL_NULL_CONVERSION = YES;
				CLANG_WARN_OBJC_IMPLICIT_RETAIN_SELF = YES;
				CLANG_WARN_OBJC_LITERAL_CONVERSION = YES;
				CLANG_WARN_OBJC_ROOT_CLASS = YES_ERROR;
				CLANG_WARN_RANGE_LOOP_ANALYSIS = YES;
				CLANG_WARN_STRICT_PROTOTYPES = YES;
				CLANG_WARN_SUSPICIOUS_MOVE = YES;
				CLANG_WARN_UNGUARDED_AVAILABILITY = YES_AGGRESSIVE;
				CLANG_WARN_UNREACHABLE_CODE = YES;
				CLANG_WARN__DUPLICATE_METHOD_MATCH = YES;
				CODE_SIGN_IDENTITY = "iPhone Developer";
				COPY_PHASE_STRIP = NO;
				DEBUG_INFORMATION_FORMAT = dwarf;
				ENABLE_STRICT_OBJC_MSGSEND = YES;
				ENABLE_TESTABILITY = YES;
				GCC_C_LANGUAGE_STANDARD = gnu11;
				GCC_DYNAMIC_NO_PIC = NO;
				GCC_NO_COMMON_BLOCKS = YES;
				GCC_OPTIMIZATION_LEVEL = 0;
				GCC_PREPROCESSOR_DEFINITIONS = (
					"DEBUG=1",
					"$(inherited)",
				);
				GCC_WARN_64_TO_32_BIT_CONVERSION = YES;
				GCC_WARN_ABOUT_RETURN_TYPE = YES_ERROR;
				GCC_WARN_UNDECLARED_SELECTOR = YES;
				GCC_WARN_UNINITIALIZED_AUTOS = YES_AGGRESSIVE;
				GCC_WARN_UNUSED_FUNCTION = YES;
				GCC_WARN_UNUSED_VARIABLE = YES;
				IPHONEOS_DEPLOYMENT_TARGET = 11.3;
				MTL_ENABLE_DEBUG_INFO = YES;
				ONLY_ACTIVE_ARCH = YES;
				SDKROOT = iphoneos;
				SWIFT_ACTIVE_COMPILATION_CONDITIONS = DEBUG;
				SWIFT_OPTIMIZATION_LEVEL = "-Onone";
			};
			name = Debug;
		};
		3DF557F6214E47C400274E4D /* Release */ = {
			isa = XCBuildConfiguration;
			buildSettings = {
				ALWAYS_SEARCH_USER_PATHS = NO;
				CLANG_ANALYZER_NONNULL = YES;
				CLANG_ANALYZER_NUMBER_OBJECT_CONVERSION = YES_AGGRESSIVE;
				CLANG_CXX_LANGUAGE_STANDARD = "gnu++14";
				CLANG_CXX_LIBRARY = "libc++";
				CLANG_ENABLE_MODULES = YES;
				CLANG_ENABLE_OBJC_ARC = YES;
				CLANG_ENABLE_OBJC_WEAK = YES;
				CLANG_WARN_BLOCK_CAPTURE_AUTORELEASING = YES;
				CLANG_WARN_BOOL_CONVERSION = YES;
				CLANG_WARN_COMMA = YES;
				CLANG_WARN_CONSTANT_CONVERSION = YES;
				CLANG_WARN_DEPRECATED_OBJC_IMPLEMENTATIONS = YES;
				CLANG_WARN_DIRECT_OBJC_ISA_USAGE = YES_ERROR;
				CLANG_WARN_DOCUMENTATION_COMMENTS = YES;
				CLANG_WARN_EMPTY_BODY = YES;
				CLANG_WARN_ENUM_CONVERSION = YES;
				CLANG_WARN_INFINITE_RECURSION = YES;
				CLANG_WARN_INT_CONVERSION = YES;
				CLANG_WARN_NON_LITERAL_NULL_CONVERSION = YES;
				CLANG_WARN_OBJC_IMPLICIT_RETAIN_SELF = YES;
				CLANG_WARN_OBJC_LITERAL_CONVERSION = YES;
				CLANG_WARN_OBJC_ROOT_CLASS = YES_ERROR;
				CLANG_WARN_RANGE_LOOP_ANALYSIS = YES;
				CLANG_WARN_STRICT_PROTOTYPES = YES;
				CLANG_WARN_SUSPICIOUS_MOVE = YES;
				CLANG_WARN_UNGUARDED_AVAILABILITY = YES_AGGRESSIVE;
				CLANG_WARN_UNREACHABLE_CODE = YES;
				CLANG_WARN__DUPLICATE_METHOD_MATCH = YES;
				CODE_SIGN_IDENTITY = "iPhone Developer";
				COPY_PHASE_STRIP = NO;
				DEBUG_INFORMATION_FORMAT = "dwarf-with-dsym";
				ENABLE_NS_ASSERTIONS = NO;
				ENABLE_STRICT_OBJC_MSGSEND = YES;
				GCC_C_LANGUAGE_STANDARD = gnu11;
				GCC_NO_COMMON_BLOCKS = YES;
				GCC_WARN_64_TO_32_BIT_CONVERSION = YES;
				GCC_WARN_ABOUT_RETURN_TYPE = YES_ERROR;
				GCC_WARN_UNDECLARED_SELECTOR = YES;
				GCC_WARN_UNINITIALIZED_AUTOS = YES_AGGRESSIVE;
				GCC_WARN_UNUSED_FUNCTION = YES;
				GCC_WARN_UNUSED_VARIABLE = YES;
				IPHONEOS_DEPLOYMENT_TARGET = 11.3;
				MTL_ENABLE_DEBUG_INFO = NO;
				SDKROOT = iphoneos;
				SWIFT_COMPILATION_MODE = wholemodule;
				SWIFT_OPTIMIZATION_LEVEL = "-O";
				VALIDATE_PRODUCT = YES;
			};
			name = Release;
		};
		3DF557F8214E47C400274E4D /* Debug */ = {
			isa = XCBuildConfiguration;
			buildSettings = {
				ASSETCATALOG_COMPILER_APPICON_NAME = AppIcon;
				CODE_SIGN_STYLE = Automatic;
				DEVELOPMENT_TEAM = QG8KA4P8TE;
				INFOPLIST_FILE = CodeChallenges/Info.plist;
				IPHONEOS_DEPLOYMENT_TARGET = 9.0;
				LD_RUNPATH_SEARCH_PATHS = (
					"$(inherited)",
					"@executable_path/Frameworks",
				);
				PRODUCT_BUNDLE_IDENTIFIER = com.qiscusdev.CodeChallenges;
				PRODUCT_NAME = "$(TARGET_NAME)";
				SWIFT_VERSION = 4.0;
				TARGETED_DEVICE_FAMILY = "1,2";
			};
			name = Debug;
		};
		3DF557F9214E47C400274E4D /* Release */ = {
			isa = XCBuildConfiguration;
			buildSettings = {
				ASSETCATALOG_COMPILER_APPICON_NAME = AppIcon;
				CODE_SIGN_STYLE = Automatic;
				DEVELOPMENT_TEAM = QG8KA4P8TE;
				INFOPLIST_FILE = CodeChallenges/Info.plist;
				IPHONEOS_DEPLOYMENT_TARGET = 9.0;
				LD_RUNPATH_SEARCH_PATHS = (
					"$(inherited)",
					"@executable_path/Frameworks",
				);
				PRODUCT_BUNDLE_IDENTIFIER = com.qiscusdev.CodeChallenges;
				PRODUCT_NAME = "$(TARGET_NAME)";
				SWIFT_VERSION = 4.0;
				TARGETED_DEVICE_FAMILY = "1,2";
			};
			name = Release;
		};
		3DF557FB214E47C400274E4D /* Debug */ = {
			isa = XCBuildConfiguration;
			buildSettings = {
				ALWAYS_EMBED_SWIFT_STANDARD_LIBRARIES = YES;
				BUNDLE_LOADER = "$(TEST_HOST)";
				CODE_SIGN_STYLE = Automatic;
				DEVELOPMENT_TEAM = QG8KA4P8TE;
				INFOPLIST_FILE = CodeChallengesTests/Info.plist;
				LD_RUNPATH_SEARCH_PATHS = (
					"$(inherited)",
					"@executable_path/Frameworks",
					"@loader_path/Frameworks",
				);
				PRODUCT_BUNDLE_IDENTIFIER = com.qiscusdev.CodeChallengesTests;
				PRODUCT_NAME = "$(TARGET_NAME)";
				SWIFT_VERSION = 4.0;
				TARGETED_DEVICE_FAMILY = "1,2";
				TEST_HOST = "$(BUILT_PRODUCTS_DIR)/CodeChallenges.app/CodeChallenges";
			};
			name = Debug;
		};
		3DF557FC214E47C400274E4D /* Release */ = {
			isa = XCBuildConfiguration;
			buildSettings = {
				ALWAYS_EMBED_SWIFT_STANDARD_LIBRARIES = YES;
				BUNDLE_LOADER = "$(TEST_HOST)";
				CODE_SIGN_STYLE = Automatic;
				DEVELOPMENT_TEAM = QG8KA4P8TE;
				INFOPLIST_FILE = CodeChallengesTests/Info.plist;
				LD_RUNPATH_SEARCH_PATHS = (
					"$(inherited)",
					"@executable_path/Frameworks",
					"@loader_path/Frameworks",
				);
				PRODUCT_BUNDLE_IDENTIFIER = com.qiscusdev.CodeChallengesTests;
				PRODUCT_NAME = "$(TARGET_NAME)";
				SWIFT_VERSION = 4.0;
				TARGETED_DEVICE_FAMILY = "1,2";
				TEST_HOST = "$(BUILT_PRODUCTS_DIR)/CodeChallenges.app/CodeChallenges";
			};
			name = Release;
		};
/* End XCBuildConfiguration section */

/* Begin XCConfigurationList section */
		3DF557D2214E47C000274E4D /* Build configuration list for PBXProject "CodeChallenges" */ = {
			isa = XCConfigurationList;
			buildConfigurations = (
				3DF557F5214E47C400274E4D /* Debug */,
				3DF557F6214E47C400274E4D /* Release */,
			);
			defaultConfigurationIsVisible = 0;
			defaultConfigurationName = Release;
		};
		3DF557F7214E47C400274E4D /* Build configuration list for PBXNativeTarget "CodeChallenges" */ = {
			isa = XCConfigurationList;
			buildConfigurations = (
				3DF557F8214E47C400274E4D /* Debug */,
				3DF557F9214E47C400274E4D /* Release */,
			);
			defaultConfigurationIsVisible = 0;
			defaultConfigurationName = Release;
		};
		3DF557FA214E47C400274E4D /* Build configuration list for PBXNativeTarget "CodeChallengesTests" */ = {
			isa = XCConfigurationList;
			buildConfigurations = (
				3DF557FB214E47C400274E4D /* Debug */,
				3DF557FC214E47C400274E4D /* Release */,
			);
			defaultConfigurationIsVisible = 0;
			defaultConfigurationName = Release;
		};
/* End XCConfigurationList section */

/* Begin XCVersionGroup section */
		3DF557E1214E47C000274E4D /* CodeChallenges.xcdatamodeld */ = {
			isa = XCVersionGroup;
			children = (
				3DF557E2214E47C000274E4D /* CodeChallenges.xcdatamodel */,
			);
			currentVersion = 3DF557E2214E47C000274E4D /* CodeChallenges.xcdatamodel */;
			path = CodeChallenges.xcdatamodeld;
			sourceTree = "<group>";
			versionGroupType = wrapper.xcdatamodel;
		};
/* End XCVersionGroup section */
	};
	rootObject = 3DF557CF214E47C000274E4D /* Project object */;
}
