// !$*UTF8*$!
{
	archiveVersion = 1;
	classes = {
	};
	objectVersion = 50;
	objects = {

/* Begin PBXBuildFile section */
		3D4F4532214E4918005FB234 /* AppDelegate.swift in Sources */ = {isa = PBXBuildFile; fileRef = 3D4F4531214E4918005FB234 /* AppDelegate.swift */; };
		3D4F4534214E4918005FB234 /* ViewController.swift in Sources */ = {isa = PBXBuildFile; fileRef = 3D4F4533214E4918005FB234 /* ViewController.swift */; };
		3D4F4537214E4918005FB234 /* Main.storyboard in Resources */ = {isa = PBXBuildFile; fileRef = 3D4F4535214E4918005FB234 /* Main.storyboard */; };
		3D4F4539214E4919005FB234 /* Assets.xcassets in Resources */ = {isa = PBXBuildFile; fileRef = 3D4F4538214E4919005FB234 /* Assets.xcassets */; };
		3D4F453C214E4919005FB234 /* LaunchScreen.storyboard in Resources */ = {isa = PBXBuildFile; fileRef = 3D4F453A214E4919005FB234 /* LaunchScreen.storyboard */; };
		3D4F4552214E49BE005FB234 /* Tantangan.swift in Sources */ = {isa = PBXBuildFile; fileRef = 3D4F4551214E49BE005FB234 /* Tantangan.swift */; };
		3D4F4554214E49D7005FB234 /* TestTantangan.swift in Sources */ = {isa = PBXBuildFile; fileRef = 3D4F4553214E49D7005FB234 /* TestTantangan.swift */; };
		3D4F4556214E4B3F005FB234 /* README.md in Resources */ = {isa = PBXBuildFile; fileRef = 3D4F4555214E4B3E005FB234 /* README.md */; };
/* End PBXBuildFile section */

/* Begin PBXContainerItemProxy section */
		3D4F4543214E4919005FB234 /* PBXContainerItemProxy */ = {
			isa = PBXContainerItemProxy;
			containerPortal = 3D4F4526214E4917005FB234 /* Project object */;
			proxyType = 1;
			remoteGlobalIDString = 3D4F452D214E4918005FB234;
			remoteInfo = CodeChallenges;
		};
/* End PBXContainerItemProxy section */

/* Begin PBXFileReference section */
		3D4F452E214E4918005FB234 /* CodeChallenges.app */ = {isa = PBXFileReference; explicitFileType = wrapper.application; includeInIndex = 0; path = CodeChallenges.app; sourceTree = BUILT_PRODUCTS_DIR; };
		3D4F4531214E4918005FB234 /* AppDelegate.swift */ = {isa = PBXFileReference; lastKnownFileType = sourcecode.swift; path = AppDelegate.swift; sourceTree = "<group>"; };
		3D4F4533214E4918005FB234 /* ViewController.swift */ = {isa = PBXFileReference; lastKnownFileType = sourcecode.swift; path = ViewController.swift; sourceTree = "<group>"; };
		3D4F4536214E4918005FB234 /* Base */ = {isa = PBXFileReference; lastKnownFileType = file.storyboard; name = Base; path = Base.lproj/Main.storyboard; sourceTree = "<group>"; };
		3D4F4538214E4919005FB234 /* Assets.xcassets */ = {isa = PBXFileReference; lastKnownFileType = folder.assetcatalog; path = Assets.xcassets; sourceTree = "<group>"; };
		3D4F453B214E4919005FB234 /* Base */ = {isa = PBXFileReference; lastKnownFileType = file.storyboard; name = Base; path = Base.lproj/LaunchScreen.storyboard; sourceTree = "<group>"; };
		3D4F453D214E4919005FB234 /* Info.plist */ = {isa = PBXFileReference; lastKnownFileType = text.plist.xml; path = Info.plist; sourceTree = "<group>"; };
		3D4F4542214E4919005FB234 /* CodeChallengesTests.xctest */ = {isa = PBXFileReference; explicitFileType = wrapper.cfbundle; includeInIndex = 0; path = CodeChallengesTests.xctest; sourceTree = BUILT_PRODUCTS_DIR; };
		3D4F4548214E4919005FB234 /* Info.plist */ = {isa = PBXFileReference; lastKnownFileType = text.plist.xml; path = Info.plist; sourceTree = "<group>"; };
		3D4F4551214E49BE005FB234 /* Tantangan.swift */ = {isa = PBXFileReference; lastKnownFileType = sourcecode.swift; path = Tantangan.swift; sourceTree = "<group>"; };
		3D4F4553214E49D7005FB234 /* TestTantangan.swift */ = {isa = PBXFileReference; lastKnownFileType = sourcecode.swift; path = TestTantangan.swift; sourceTree = "<group>"; };
		3D4F4555214E4B3E005FB234 /* README.md */ = {isa = PBXFileReference; fileEncoding = 4; lastKnownFileType = net.daringfireball.markdown; path = README.md; sourceTree = "<group>"; };
/* End PBXFileReference section */

/* Begin PBXFrameworksBuildPhase section */
		3D4F452B214E4918005FB234 /* Frameworks */ = {
			isa = PBXFrameworksBuildPhase;
			buildActionMask = 2147483647;
			files = (
			);
			runOnlyForDeploymentPostprocessing = 0;
		};
		3D4F453F214E4919005FB234 /* Frameworks */ = {
			isa = PBXFrameworksBuildPhase;
			buildActionMask = 2147483647;
			files = (
			);
			runOnlyForDeploymentPostprocessing = 0;
		};
/* End PBXFrameworksBuildPhase section */

/* Begin PBXGroup section */
		3D4F4525214E4917005FB234 = {
			isa = PBXGroup;
			children = (
				3D4F4555214E4B3E005FB234 /* README.md */,
				3D4F4530214E4918005FB234 /* CodeChallenges */,
				3D4F4545214E4919005FB234 /* CodeChallengesTests */,
				3D4F452F214E4918005FB234 /* Products */,
			);
			sourceTree = "<group>";
		};
		3D4F452F214E4918005FB234 /* Products */ = {
			isa = PBXGroup;
			children = (
				3D4F452E214E4918005FB234 /* CodeChallenges.app */,
				3D4F4542214E4919005FB234 /* CodeChallengesTests.xctest */,
			);
			name = Products;
			sourceTree = "<group>";
		};
		3D4F4530214E4918005FB234 /* CodeChallenges */ = {
			isa = PBXGroup;
			children = (
				3D4F4531214E4918005FB234 /* AppDelegate.swift */,
				3D4F4533214E4918005FB234 /* ViewController.swift */,
				3D4F4551214E49BE005FB234 /* Tantangan.swift */,
				3D4F4535214E4918005FB234 /* Main.storyboard */,
				3D4F4538214E4919005FB234 /* Assets.xcassets */,
				3D4F453A214E4919005FB234 /* LaunchScreen.storyboard */,
				3D4F453D214E4919005FB234 /* Info.plist */,
			);
			path = CodeChallenges;
			sourceTree = "<group>";
		};
		3D4F4545214E4919005FB234 /* CodeChallengesTests */ = {
			isa = PBXGroup;
			children = (
				3D4F4553214E49D7005FB234 /* TestTantangan.swift */,
				3D4F4548214E4919005FB234 /* Info.plist */,
			);
			path = CodeChallengesTests;
			sourceTree = "<group>";
		};
/* End PBXGroup section */

/* Begin PBXNativeTarget section */
		3D4F452D214E4918005FB234 /* CodeChallenges */ = {
			isa = PBXNativeTarget;
			buildConfigurationList = 3D4F454B214E4919005FB234 /* Build configuration list for PBXNativeTarget "CodeChallenges" */;
			buildPhases = (
				3D4F452A214E4918005FB234 /* Sources */,
				3D4F452B214E4918005FB234 /* Frameworks */,
				3D4F452C214E4918005FB234 /* Resources */,
			);
			buildRules = (
			);
			dependencies = (
			);
			name = CodeChallenges;
			productName = CodeChallenges;
			productReference = 3D4F452E214E4918005FB234 /* CodeChallenges.app */;
			productType = "com.apple.product-type.application";
		};
		3D4F4541214E4919005FB234 /* CodeChallengesTests */ = {
			isa = PBXNativeTarget;
			buildConfigurationList = 3D4F454E214E4919005FB234 /* Build configuration list for PBXNativeTarget "CodeChallengesTests" */;
			buildPhases = (
				3D4F453E214E4919005FB234 /* Sources */,
				3D4F453F214E4919005FB234 /* Frameworks */,
				3D4F4540214E4919005FB234 /* Resources */,
			);
			buildRules = (
			);
			dependencies = (
				3D4F4544214E4919005FB234 /* PBXTargetDependency */,
			);
			name = CodeChallengesTests;
			productName = CodeChallengesTests;
			productReference = 3D4F4542214E4919005FB234 /* CodeChallengesTests.xctest */;
			productType = "com.apple.product-type.bundle.unit-test";
		};
/* End PBXNativeTarget section */

/* Begin PBXProject section */
		3D4F4526214E4917005FB234 /* Project object */ = {
			isa = PBXProject;
			attributes = {
				LastSwiftUpdateCheck = 0930;
				LastUpgradeCheck = 0930;
				ORGANIZATIONNAME = Qiscus;
				TargetAttributes = {
					3D4F452D214E4918005FB234 = {
						CreatedOnToolsVersion = 9.3;
					};
					3D4F4541214E4919005FB234 = {
						CreatedOnToolsVersion = 9.3;
						TestTargetID = 3D4F452D214E4918005FB234;
					};
				};
			};
			buildConfigurationList = 3D4F4529214E4917005FB234 /* Build configuration list for PBXProject "CodeChallenges" */;
			compatibilityVersion = "Xcode 9.3";
			developmentRegion = en;
			hasScannedForEncodings = 0;
			knownRegions = (
				en,
				Base,
			);
			mainGroup = 3D4F4525214E4917005FB234;
			productRefGroup = 3D4F452F214E4918005FB234 /* Products */;
			projectDirPath = "";
			projectRoot = "";
			targets = (
				3D4F452D214E4918005FB234 /* CodeChallenges */,
				3D4F4541214E4919005FB234 /* CodeChallengesTests */,
			);
		};
/* End PBXProject section */

/* Begin PBXResourcesBuildPhase section */
		3D4F452C214E4918005FB234 /* Resources */ = {
			isa = PBXResourcesBuildPhase;
			buildActionMask = 2147483647;
			files = (
				3D4F453C214E4919005FB234 /* LaunchScreen.storyboard in Resources */,
				3D4F4539214E4919005FB234 /* Assets.xcassets in Resources */,
				3D4F4556214E4B3F005FB234 /* README.md in Resources */,
				3D4F4537214E4918005FB234 /* Main.storyboard in Resources */,
			);
			runOnlyForDeploymentPostprocessing = 0;
		};
		3D4F4540214E4919005FB234 /* Resources */ = {
			isa = PBXResourcesBuildPhase;
			buildActionMask = 2147483647;
			files = (
			);
			runOnlyForDeploymentPostprocessing = 0;
		};
/* End PBXResourcesBuildPhase section */

/* Begin PBXSourcesBuildPhase section */
		3D4F452A214E4918005FB234 /* Sources */ = {
			isa = PBXSourcesBuildPhase;
			buildActionMask = 2147483647;
			files = (
				3D4F4534214E4918005FB234 /* ViewController.swift in Sources */,
				3D4F4552214E49BE005FB234 /* Tantangan.swift in Sources */,
				3D4F4532214E4918005FB234 /* AppDelegate.swift in Sources */,
			);
			runOnlyForDeploymentPostprocessing = 0;
		};
		3D4F453E214E4919005FB234 /* Sources */ = {
			isa = PBXSourcesBuildPhase;
			buildActionMask = 2147483647;
			files = (
				3D4F4554214E49D7005FB234 /* TestTantangan.swift in Sources */,
			);
			runOnlyForDeploymentPostprocessing = 0;
		};
/* End PBXSourcesBuildPhase section */

/* Begin PBXTargetDependency section */
		3D4F4544214E4919005FB234 /* PBXTargetDependency */ = {
			isa = PBXTargetDependency;
			target = 3D4F452D214E4918005FB234 /* CodeChallenges */;
			targetProxy = 3D4F4543214E4919005FB234 /* PBXContainerItemProxy */;
		};
/* End PBXTargetDependency section */

/* Begin PBXVariantGroup section */
		3D4F4535214E4918005FB234 /* Main.storyboard */ = {
			isa = PBXVariantGroup;
			children = (
				3D4F4536214E4918005FB234 /* Base */,
			);
			name = Main.storyboard;
			sourceTree = "<group>";
		};
		3D4F453A214E4919005FB234 /* LaunchScreen.storyboard */ = {
			isa = PBXVariantGroup;
			children = (
				3D4F453B214E4919005FB234 /* Base */,
			);
			name = LaunchScreen.storyboard;
			sourceTree = "<group>";
		};
/* End PBXVariantGroup section */

/* Begin XCBuildConfiguration section */
		3D4F4549214E4919005FB234 /* Debug */ = {
			isa = XCBuildConfiguration;
			buildSettings = {
				ALWAYS_SEARCH_USER_PATHS = NO;
				CLANG_ANALYZER_NONNULL = YES;
				CLANG_ANALYZER_NUMBER_OBJECT_CONVERSION = YES_AGGRESSIVE;
				CLANG_CXX_LANGUAGE_STANDARD = "gnu++14";
				CLANG_CXX_LIBRARY = "libc++";
				CLANG_ENABLE_MODULES = YES;
				CLANG_ENABLE_OBJC_ARC = YES;
				CLANG_ENABLE_OBJC_WEAK = YES;
				CLANG_WARN_BLOCK_CAPTURE_AUTORELEASING = YES;
				CLANG_WARN_BOOL_CONVERSION = YES;
				CLANG_WARN_COMMA = YES;
				CLANG_WARN_CONSTANT_CONVERSION = YES;
				CLANG_WARN_DEPRECATED_OBJC_IMPLEMENTATIONS = YES;
				CLANG_WARN_DIRECT_OBJC_ISA_USAGE = YES_ERROR;
				CLANG_WARN_DOCUMENTATION_COMMENTS = YES;
				CLANG_WARN_EMPTY_BODY = YES;
				CLANG_WARN_ENUM_CONVERSION = YES;
				CLANG_WARN_INFINITE_RECURSION = YES;
				CLANG_WARN_INT_CONVERSION = YES;
				CLANG_WARN_NON_LITERAL_NULL_CONVERSION = YES;
				CLANG_WARN_OBJC_IMPLICIT_RETAIN_SELF = YES;
				CLANG_WARN_OBJC_LITERAL_CONVERSION = YES;
				CLANG_WARN_OBJC_ROOT_CLASS = YES_ERROR;
				CLANG_WARN_RANGE_LOOP_ANALYSIS = YES;
				CLANG_WARN_STRICT_PROTOTYPES = YES;
				CLANG_WARN_SUSPICIOUS_MOVE = YES;
				CLANG_WARN_UNGUARDED_AVAILABILITY = YES_AGGRESSIVE;
				CLANG_WARN_UNREACHABLE_CODE = YES;
				CLANG_WARN__DUPLICATE_METHOD_MATCH = YES;
				CODE_SIGN_IDENTITY = "iPhone Developer";
				COPY_PHASE_STRIP = NO;
				DEBUG_INFORMATION_FORMAT = dwarf;
				ENABLE_STRICT_OBJC_MSGSEND = YES;
				ENABLE_TESTABILITY = YES;
				GCC_C_LANGUAGE_STANDARD = gnu11;
				GCC_DYNAMIC_NO_PIC = NO;
				GCC_NO_COMMON_BLOCKS = YES;
				GCC_OPTIMIZATION_LEVEL = 0;
				GCC_PREPROCESSOR_DEFINITIONS = (
					"DEBUG=1",
					"$(inherited)",
				);
				GCC_WARN_64_TO_32_BIT_CONVERSION = YES;
				GCC_WARN_ABOUT_RETURN_TYPE = YES_ERROR;
				GCC_WARN_UNDECLARED_SELECTOR = YES;
				GCC_WARN_UNINITIALIZED_AUTOS = YES_AGGRESSIVE;
				GCC_WARN_UNUSED_FUNCTION = YES;
				GCC_WARN_UNUSED_VARIABLE = YES;
				IPHONEOS_DEPLOYMENT_TARGET = 11.3;
				MTL_ENABLE_DEBUG_INFO = YES;
				ONLY_ACTIVE_ARCH = YES;
				SDKROOT = iphoneos;
				SWIFT_ACTIVE_COMPILATION_CONDITIONS = DEBUG;
				SWIFT_OPTIMIZATION_LEVEL = "-Onone";
			};
			name = Debug;
		};
		3D4F454A214E4919005FB234 /* Release */ = {
			isa = XCBuildConfiguration;
			buildSettings = {
				ALWAYS_SEARCH_USER_PATHS = NO;
				CLANG_ANALYZER_NONNULL = YES;
				CLANG_ANALYZER_NUMBER_OBJECT_CONVERSION = YES_AGGRESSIVE;
				CLANG_CXX_LANGUAGE_STANDARD = "gnu++14";
				CLANG_CXX_LIBRARY = "libc++";
				CLANG_ENABLE_MODULES = YES;
				CLANG_ENABLE_OBJC_ARC = YES;
				CLANG_ENABLE_OBJC_WEAK = YES;
				CLANG_WARN_BLOCK_CAPTURE_AUTORELEASING = YES;
				CLANG_WARN_BOOL_CONVERSION = YES;
				CLANG_WARN_COMMA = YES;
				CLANG_WARN_CONSTANT_CONVERSION = YES;
				CLANG_WARN_DEPRECATED_OBJC_IMPLEMENTATIONS = YES;
				CLANG_WARN_DIRECT_OBJC_ISA_USAGE = YES_ERROR;
				CLANG_WARN_DOCUMENTATION_COMMENTS = YES;
				CLANG_WARN_EMPTY_BODY = YES;
				CLANG_WARN_ENUM_CONVERSION = YES;
				CLANG_WARN_INFINITE_RECURSION = YES;
				CLANG_WARN_INT_CONVERSION = YES;
				CLANG_WARN_NON_LITERAL_NULL_CONVERSION = YES;
				CLANG_WARN_OBJC_IMPLICIT_RETAIN_SELF = YES;
				CLANG_WARN_OBJC_LITERAL_CONVERSION = YES;
				CLANG_WARN_OBJC_ROOT_CLASS = YES_ERROR;
				CLANG_WARN_RANGE_LOOP_ANALYSIS = YES;
				CLANG_WARN_STRICT_PROTOTYPES = YES;
				CLANG_WARN_SUSPICIOUS_MOVE = YES;
				CLANG_WARN_UNGUARDED_AVAILABILITY = YES_AGGRESSIVE;
				CLANG_WARN_UNREACHABLE_CODE = YES;
				CLANG_WARN__DUPLICATE_METHOD_MATCH = YES;
				CODE_SIGN_IDENTITY = "iPhone Developer";
				COPY_PHASE_STRIP = NO;
				DEBUG_INFORMATION_FORMAT = "dwarf-with-dsym";
				ENABLE_NS_ASSERTIONS = NO;
				ENABLE_STRICT_OBJC_MSGSEND = YES;
				GCC_C_LANGUAGE_STANDARD = gnu11;
				GCC_NO_COMMON_BLOCKS = YES;
				GCC_WARN_64_TO_32_BIT_CONVERSION = YES;
				GCC_WARN_ABOUT_RETURN_TYPE = YES_ERROR;
				GCC_WARN_UNDECLARED_SELECTOR = YES;
				GCC_WARN_UNINITIALIZED_AUTOS = YES_AGGRESSIVE;
				GCC_WARN_UNUSED_FUNCTION = YES;
				GCC_WARN_UNUSED_VARIABLE = YES;
				IPHONEOS_DEPLOYMENT_TARGET = 11.3;
				MTL_ENABLE_DEBUG_INFO = NO;
				SDKROOT = iphoneos;
				SWIFT_COMPILATION_MODE = wholemodule;
				SWIFT_OPTIMIZATION_LEVEL = "-O";
				VALIDATE_PRODUCT = YES;
			};
			name = Release;
		};
		3D4F454C214E4919005FB234 /* Debug */ = {
			isa = XCBuildConfiguration;
			buildSettings = {
				ASSETCATALOG_COMPILER_APPICON_NAME = AppIcon;
				CODE_SIGN_STYLE = Manual;
				DEVELOPMENT_TEAM = QG8KA4P8TE;
				INFOPLIST_FILE = CodeChallenges/Info.plist;
				LD_RUNPATH_SEARCH_PATHS = (
					"$(inherited)",
					"@executable_path/Frameworks",
				);
				PRODUCT_BUNDLE_IDENTIFIER = com.qiscusdev.CodeChallenges;
				PRODUCT_NAME = "$(TARGET_NAME)";
				PROVISIONING_PROFILE = "c4e66a74-b52f-4300-ab2e-f2dd1359bc35";
				PROVISIONING_PROFILE_SPECIFIER = QiscusDev;
				SWIFT_VERSION = 4.0;
				TARGETED_DEVICE_FAMILY = "1,2";
			};
			name = Debug;
		};
		3D4F454D214E4919005FB234 /* Release */ = {
			isa = XCBuildConfiguration;
			buildSettings = {
				ASSETCATALOG_COMPILER_APPICON_NAME = AppIcon;
				CODE_SIGN_STYLE = Manual;
				DEVELOPMENT_TEAM = QG8KA4P8TE;
				INFOPLIST_FILE = CodeChallenges/Info.plist;
				LD_RUNPATH_SEARCH_PATHS = (
					"$(inherited)",
					"@executable_path/Frameworks",
				);
				PRODUCT_BUNDLE_IDENTIFIER = com.qiscusdev.CodeChallenges;
				PRODUCT_NAME = "$(TARGET_NAME)";
				PROVISIONING_PROFILE = "c4e66a74-b52f-4300-ab2e-f2dd1359bc35";
				PROVISIONING_PROFILE_SPECIFIER = QiscusDev;
				SWIFT_VERSION = 4.0;
				TARGETED_DEVICE_FAMILY = "1,2";
			};
			name = Release;
		};
		3D4F454F214E4919005FB234 /* Debug */ = {
			isa = XCBuildConfiguration;
			buildSettings = {
				ALWAYS_EMBED_SWIFT_STANDARD_LIBRARIES = YES;
				BUNDLE_LOADER = "$(TEST_HOST)";
				CODE_SIGN_STYLE = Automatic;
				DEVELOPMENT_TEAM = QG8KA4P8TE;
				INFOPLIST_FILE = CodeChallengesTests/Info.plist;
				LD_RUNPATH_SEARCH_PATHS = (
					"$(inherited)",
					"@executable_path/Frameworks",
					"@loader_path/Frameworks",
				);
				PRODUCT_BUNDLE_IDENTIFIER = com.qiscusdev.CodeChallengesTests;
				PRODUCT_NAME = "$(TARGET_NAME)";
				SWIFT_VERSION = 4.0;
				TARGETED_DEVICE_FAMILY = "1,2";
				TEST_HOST = "$(BUILT_PRODUCTS_DIR)/CodeChallenges.app/CodeChallenges";
			};
			name = Debug;
		};
		3D4F4550214E4919005FB234 /* Release */ = {
			isa = XCBuildConfiguration;
			buildSettings = {
				ALWAYS_EMBED_SWIFT_STANDARD_LIBRARIES = YES;
				BUNDLE_LOADER = "$(TEST_HOST)";
				CODE_SIGN_STYLE = Automatic;
				DEVELOPMENT_TEAM = QG8KA4P8TE;
				INFOPLIST_FILE = CodeChallengesTests/Info.plist;
				LD_RUNPATH_SEARCH_PATHS = (
					"$(inherited)",
					"@executable_path/Frameworks",
					"@loader_path/Frameworks",
				);
				PRODUCT_BUNDLE_IDENTIFIER = com.qiscusdev.CodeChallengesTests;
				PRODUCT_NAME = "$(TARGET_NAME)";
				SWIFT_VERSION = 4.0;
				TARGETED_DEVICE_FAMILY = "1,2";
				TEST_HOST = "$(BUILT_PRODUCTS_DIR)/CodeChallenges.app/CodeChallenges";
			};
			name = Release;
		};
/* End XCBuildConfiguration section */

/* Begin XCConfigurationList section */
		3D4F4529214E4917005FB234 /* Build configuration list for PBXProject "CodeChallenges" */ = {
			isa = XCConfigurationList;
			buildConfigurations = (
				3D4F4549214E4919005FB234 /* Debug */,
				3D4F454A214E4919005FB234 /* Release */,
			);
			defaultConfigurationIsVisible = 0;
			defaultConfigurationName = Release;
		};
		3D4F454B214E4919005FB234 /* Build configuration list for PBXNativeTarget "CodeChallenges" */ = {
			isa = XCConfigurationList;
			buildConfigurations = (
				3D4F454C214E4919005FB234 /* Debug */,
				3D4F454D214E4919005FB234 /* Release */,
			);
			defaultConfigurationIsVisible = 0;
			defaultConfigurationName = Release;
		};
		3D4F454E214E4919005FB234 /* Build configuration list for PBXNativeTarget "CodeChallengesTests" */ = {
			isa = XCConfigurationList;
			buildConfigurations = (
				3D4F454F214E4919005FB234 /* Debug */,
				3D4F4550214E4919005FB234 /* Release */,
			);
			defaultConfigurationIsVisible = 0;
			defaultConfigurationName = Release;
		};
/* End XCConfigurationList section */
	};
	rootObject = 3D4F4526214E4917005FB234 /* Project object */;
}
